<?xml version="1.0" encoding="utf-8"?>
<Project ToolsVersion="4.0" xmlns="http://schemas.microsoft.com/developer/msbuild/2003">
  <ItemGroup>
    <ClCompile Include="..\lexlib\Accessor.cxx" />
    <ClCompile Include="..\lexlib\CharacterCategory.cxx" />
    <ClCompile Include="..\lexlib\CharacterSet.cxx" />
    <ClCompile Include="..\lexlib\DefaultLexer.cxx" />
    <ClCompile Include="..\lexlib\LexerBase.cxx" />
    <ClCompile Include="..\lexlib\LexerModule.cxx" />
    <ClCompile Include="..\lexlib\LexerSimple.cxx" />
    <ClCompile Include="..\lexlib\PropSetSimple.cxx" />
    <ClCompile Include="..\lexlib\StyleContext.cxx" />
    <ClCompile Include="..\lexlib\WordList.cxx" />
    <ClCompile Include="..\src\*.cxx" />
    <ClCompile Include="..\src\*.cxx" />
    <ClCompile Include="..\src\*.cxx" />
    <ClCompile Include="..\src\*.cxx" />
    <ClCompile Include="..\src\*.cxx" />
    <ClCompile Include="..\src\*.cxx" />
    <ClCompile Include="..\src\*.cxx" />
    <ClCompile Include="..\src\*.cxx" />
    <ClCompile Include="..\src\*.cxx" />
    <ClCompile Include="..\src\*.cxx" />
    <ClCompile Include="..\src\*.cxx" />
    <ClCompile Include="..\src\*.cxx" />
    <ClCompile Include="..\src\*.cxx" />
    <ClCompile Include="..\src\*.cxx" />
    <ClCompile Include="..\src\*.cxx" />
    <ClCompile Include="..\src\*.cxx" />
    <ClCompile Include="..\src\*.cxx" />
    <ClCompile Include="..\src\*.cxx" />
    <ClCompile Include="..\src\*.cxx" />
    <ClCompile Include="..\src\*.cxx" />
    <ClCompile Include="..\src\*.cxx" />
    <ClCompile Include="..\src\*.cxx" />
    <ClCompile Include="..\src\*.cxx" />
    <ClCompile Include="..\src\*.cxx" />
    <ClCompile Include="..\src\*.cxx" />
    <ClCompile Include="..\src\*.cxx" />
    <ClCompile Include="..\src\*.cxx" />
    <ClCompile Include="..\src\*.cxx" />
    <ClCompile Include="..\src\*.cxx" />
    <ClCompile Include="..\src\*.cxx" />
    <ClCompile Include="..\win32\HanjaDic.cxx" />
    <ClCompile Include="..\win32\PlatWin.cxx" />
    <ClCompile Include="..\win32\ScintillaWin.cxx" />
    <ClCompile Include="..\win32\ScintillaDLL.cxx" />
    <ClCompile Include="..\lexers\LexNull.cxx">
      <Filter>Lexer</Filter>
    </ClCompile>
    <ClCompile Include="..\src\*.cxx" />
    <ClCompile Include="..\src\*.cxx" />
    <ClCompile Include="..\src\*.cxx" />
    <ClCompile Include="..\src\*.cxx" />
    <ClCompile Include="..\src\*.cxx" />
    <ClCompile Include="..\src\*.cxx" />
    <ClCompile Include="..\src\*.cxx" />
    <ClCompile Include="..\src\*.cxx" />
    <ClCompile Include="..\src\*.cxx" />
    <ClCompile Include="..\src\*.cxx" />
    <ClCompile Include="..\src\*.cxx" />
    <ClCompile Include="..\src\*.cxx" />
    <ClCompile Include="..\src\*.cxx" />
    <ClCompile Include="..\src\*.cxx" />
    <ClCompile Include="..\src\*.cxx" />
    <ClCompile Include="..\src\*.cxx" />
    <ClCompile Include="..\src\*.cxx" />
    <ClCompile Include="..\src\*.cxx" />
    <ClCompile Include="..\src\*.cxx" />
    <ClCompile Include="..\src\*.cxx" />
    <ClCompile Include="..\src\*.cxx" />
    <ClCompile Include="..\src\*.cxx" />
    <ClCompile Include="..\src\*.cxx" />
    <ClCompile Include="..\src\*.cxx" />
    <ClCompile Include="..\src\*.cxx" />
    <ClCompile Include="..\src\*.cxx" />
    <ClCompile Include="..\src\*.cxx" />
    <ClCompile Include="..\src\*.cxx" />
    <ClCompile Include="..\src\*.cxx" />
    <ClCompile Include="..\src\*.cxx" />
    <ClCompile Include="..\src\*.cxx" />
    <ClCompile Include="..\src\*.cxx" />
    <ClCompile Include="..\src\*.cxx" />
    <ClCompile Include="..\src\*.cxx" />
    <ClCompile Include="..\src\*.cxx" />
    <ClCompile Include="..\src\*.cxx" />
    <ClCompile Include="..\src\*.cxx" />
    <ClCompile Include="..\src\*.cxx" />
    <ClCompile Include="..\src\*.cxx" />
    <ClCompile Include="..\src\*.cxx" />
    <ClCompile Include="..\src\*.cxx" />
    <ClCompile Include="..\src\*.cxx" />
    <ClCompile Include="..\src\*.cxx" />
    <ClCompile Include="..\src\*.cxx" />
    <ClCompile Include="..\src\*.cxx" />
    <ClCompile Include="..\src\*.cxx" />
    <ClCompile Include="..\src\*.cxx" />
    <ClCompile Include="..\src\*.cxx" />
    <ClCompile Include="..\src\*.cxx" />
    <ClCompile Include="..\src\*.cxx" />
    <ClCompile Include="..\src\*.cxx" />
    <ClCompile Include="..\src\*.cxx" />
    <ClCompile Include="..\src\*.cxx" />
    <ClCompile Include="..\src\*.cxx" />
    <ClCompile Include="..\src\*.cxx" />
    <ClCompile Include="..\src\*.cxx" />
    <ClCompile Include="..\src\*.cxx" />
    <ClCompile Include="..\src\*.cxx" />
    <ClCompile Include="..\lexers\LexLyric.cxx">
      <Filter>Lexer</Filter>
    </ClCompile>
    <ClCompile Include="..\src\*.cxx" />
    <ClCompile Include="..\src\*.cxx" />
    <ClCompile Include="..\src\*.cxx" />
    <ClCompile Include="..\src\*.cxx" />
    <ClCompile Include="..\src\*.cxx" />
    <ClCompile Include="..\src\*.cxx" />
    <ClCompile Include="..\src\*.cxx" />
    <ClCompile Include="..\src\*.cxx" />
    <ClCompile Include="..\src\*.cxx" />
    <ClCompile Include="..\src\*.cxx" />
    <ClCompile Include="..\src\*.cxx" />
    <ClCompile Include="..\src\*.cxx" />
    <ClCompile Include="..\src\*.cxx" />
    <ClCompile Include="..\src\*.cxx" />
    <ClCompile Include="..\src\*.cxx" />
    <ClCompile Include="..\src\*.cxx" />
    <ClCompile Include="..\src\*.cxx" />
    <ClCompile Include="..\src\*.cxx" />
    <ClCompile Include="..\src\*.cxx" />
    <ClCompile Include="..\src\*.cxx" />
    <ClCompile Include="..\src\*.cxx" />
    <ClCompile Include="..\src\*.cxx" />
    <ClCompile Include="..\src\*.cxx" />
    <ClCompile Include="..\src\*.cxx" />
    <ClCompile Include="..\src\*.cxx" />
    <ClCompile Include="..\src\*.cxx" />
    <ClCompile Include="..\src\*.cxx" />
    <ClCompile Include="..\src\*.cxx" />
    <ClCompile Include="..\src\*.cxx" />
  </ItemGroup>
  <ItemGroup>
    <ClInclude Include="..\include\*.h" />
    <ClInclude Include="..\include\*.h" />
    <ClInclude Include="..\include\*.h" />
    <ClInclude Include="..\include\*.h" />
    <ClInclude Include="..\include\*.h" />
    <ClInclude Include="..\include\*.h" />
    <ClInclude Include="..\include\*.h" />
    <ClInclude Include="..\src\*.h" />
    <ClInclude Include="..\src\*.h" />
    <ClInclude Include="..\src\*.h" />
    <ClInclude Include="..\src\*.h" />
    <ClInclude Include="..\src\*.h" />
    <ClInclude Include="..\src\*.h" />
    <ClInclude Include="..\src\*.h" />
    <ClInclude Include="..\src\*.h" />
    <ClInclude Include="..\src\*.h" />
    <ClInclude Include="..\src\*.h" />
    <ClInclude Include="..\src\*.h" />
    <ClInclude Include="..\src\*.h" />
    <ClInclude Include="..\src\*.h" />
    <ClInclude Include="..\src\*.h" />
    <ClInclude Include="..\src\*.h" />
    <ClInclude Include="..\src\*.h" />
    <ClInclude Include="..\src\*.h" />
    <ClInclude Include="..\src\*.h" />
    <ClInclude Include="..\src\*.h" />
    <ClInclude Include="..\src\*.h" />
    <ClInclude Include="..\src\*.h" />
    <ClInclude Include="..\src\*.h" />
    <ClInclude Include="..\src\*.h" />
    <ClInclude Include="..\src\*.h" />
    <ClInclude Include="..\src\*.h" />
    <ClInclude Include="..\src\*.h" />
    <ClInclude Include="..\src\*.h" />
    <ClInclude Include="..\src\*.h" />
    <ClInclude Include="..\src\*.h" />
    <ClInclude Include="..\src\*.h" />
    <ClInclude Include="..\src\*.h" />
    <ClInclude Include="..\src\*.h" />
    <ClInclude Include="..\src\*.h" />
    <ClInclude Include="..\src\*.h" />
    <ClInclude Include="..\src\*.h" />
    <ClInclude Include="..\src\*.h" />
    <ClInclude Include="..\src\*.h" />
    <ClInclude Include="..\lexlib\Accessor.h" />
    <ClInclude Include="..\lexlib\CatalogueModules.h" />
    <ClInclude Include="..\lexlib\CharacterCategory.h" />
    <ClInclude Include="..\lexlib\CharacterSet.h" />
    <ClInclude Include="..\lexlib\DefaultLexer.h" />
    <ClInclude Include="..\lexlib\OptionSet.h" />
    <ClInclude Include="..\lexlib\PropSetSimple.h" />
    <ClInclude Include="..\lexlib\SparseState.h" />
    <ClInclude Include="..\lexlib\StringCopy.h" />
    <ClInclude Include="..\lexlib\StyleContext.h" />
    <ClInclude Include="..\lexlib\SubStyles.h" />
    <ClInclude Include="..\lexlib\WordList.h" />
    <ClInclude Include="..\win32\*.h" />
    <ClInclude Include="..\win32\*.h" />
    <ClInclude Include="..\win32\*.h" />
    <ClInclude Include="..\include\*.h" />
    <ClInclude Include="..\include\*.h" />
    <ClInclude Include="..\include\*.h" />
    <ClInclude Include="..\include\*.h" />
    <ClInclude Include="..\include\*.h" />
    <ClInclude Include="..\include\*.h" />
    <ClInclude Include="..\src\*.h" />
    <ClInclude Include="..\src\*.h" />
    <ClInclude Include="..\src\*.h" />
    <ClInclude Include="..\src\*.h" />
    <ClInclude Include="..\src\*.h" />
    <ClInclude Include="..\src\*.h" />
    <ClInclude Include="..\src\*.h" />
    <ClInclude Include="..\src\*.h" />
    <ClInclude Include="..\src\*.h" />
    <ClInclude Include="..\src\*.h" />
    <ClInclude Include="..\src\*.h" />
    <ClInclude Include="..\src\*.h" />
    <ClInclude Include="..\src\*.h" />
    <ClInclude Include="..\src\*.h" />
    <ClInclude Include="..\src\*.h" />
    <ClInclude Include="..\src\*.h" />
    <ClInclude Include="..\src\*.h" />
    <ClInclude Include="..\src\*.h" />
    <ClInclude Include="..\src\*.h" />
    <ClInclude Include="..\src\*.h" />
    <ClInclude Include="..\src\*.h" />
    <ClInclude Include="..\src\*.h" />
    <ClInclude Include="..\src\*.h" />
    <ClInclude Include="..\src\*.h" />
    <ClInclude Include="..\src\*.h" />
    <ClInclude Include="..\src\*.h" />
    <ClInclude Include="..\src\*.h" />
    <ClInclude Include="..\src\*.h" />
    <ClInclude Include="..\src\*.h" />
    <ClInclude Include="..\src\*.h" />
    <ClInclude Include="..\src\*.h" />
    <ClInclude Include="..\src\*.h" />
    <ClInclude Include="..\src\*.h" />
    <ClInclude Include="..\src\*.h" />
    <ClInclude Include="..\src\*.h" />
    <ClInclude Include="..\src\*.h" />
    <ClInclude Include="..\win32\*.h" />
    <ClInclude Include="..\win32\*.h" />
    <ClInclude Include="..\include\*.h" />
    <ClInclude Include="..\include\*.h" />
    <ClInclude Include="..\include\*.h" />
    <ClInclude Include="..\include\*.h" />
    <ClInclude Include="..\include\*.h" />
    <ClInclude Include="..\include\*.h" />
    <ClInclude Include="..\src\*.h" />
    <ClInclude Include="..\src\*.h" />
    <ClInclude Include="..\src\*.h" />
    <ClInclude Include="..\src\*.h" />
    <ClInclude Include="..\src\*.h" />
    <ClInclude Include="..\src\*.h" />
    <ClInclude Include="..\src\*.h" />
    <ClInclude Include="..\src\*.h" />
    <ClInclude Include="..\src\*.h" />
    <ClInclude Include="..\src\*.h" />
    <ClInclude Include="..\src\*.h" />
    <ClInclude Include="..\src\*.h" />
    <ClInclude Include="..\src\*.h" />
    <ClInclude Include="..\src\*.h" />
    <ClInclude Include="..\src\*.h" />
    <ClInclude Include="..\src\*.h" />
    <ClInclude Include="..\src\*.h" />
    <ClInclude Include="..\src\*.h" />
    <ClInclude Include="..\src\*.h" />
    <ClInclude Include="..\src\*.h" />
    <ClInclude Include="..\src\*.h" />
    <ClInclude Include="..\src\*.h" />
    <ClInclude Include="..\src\*.h" />
    <ClInclude Include="..\src\*.h" />
    <ClInclude Include="..\src\*.h" />
    <ClInclude Include="..\src\*.h" />
    <ClInclude Include="..\src\*.h" />
    <ClInclude Include="..\src\*.h" />
    <ClInclude Include="..\src\*.h" />
    <ClInclude Include="..\src\*.h" />
    <ClInclude Include="..\src\*.h" />
    <ClInclude Include="..\src\*.h" />
    <ClInclude Include="..\src\*.h" />
    <ClInclude Include="..\src\*.h" />
    <ClInclude Include="..\src\*.h" />
    <ClInclude Include="..\src\*.h" />
    <ClInclude Include="..\win32\*.h" />
    <ClInclude Include="..\win32\*.h" />
    <ClInclude Include="..\include\*.h" />
    <ClInclude Include="..\include\*.h" />
    <ClInclude Include="..\include\*.h" />
    <ClInclude Include="..\include\*.h" />
    <ClInclude Include="..\include\*.h" />
    <ClInclude Include="..\include\*.h" />
    <ClInclude Include="..\src\*.h" />
    <ClInclude Include="..\src\*.h" />
    <ClInclude Include="..\src\*.h" />
    <ClInclude Include="..\src\*.h" />
    <ClInclude Include="..\src\*.h" />
    <ClInclude Include="..\src\*.h" />
    <ClInclude Include="..\src\*.h" />
    <ClInclude Include="..\src\*.h" />
    <ClInclude Include="..\src\*.h" />
    <ClInclude Include="..\src\*.h" />
    <ClInclude Include="..\src\*.h" />
    <ClInclude Include="..\src\*.h" />
    <ClInclude Include="..\src\*.h" />
    <ClInclude Include="..\src\*.h" />
    <ClInclude Include="..\src\*.h" />
    <ClInclude Include="..\src\*.h" />
    <ClInclude Include="..\src\*.h" />
    <ClInclude Include="..\src\*.h" />
    <ClInclude Include="..\src\*.h" />
    <ClInclude Include="..\src\*.h" />
    <ClInclude Include="..\src\*.h" />
    <ClInclude Include="..\src\*.h" />
    <ClInclude Include="..\src\*.h" />
    <ClInclude Include="..\src\*.h" />
    <ClInclude Include="..\src\*.h" />
    <ClInclude Include="..\src\*.h" />
    <ClInclude Include="..\src\*.h" />
    <ClInclude Include="..\src\*.h" />
    <ClInclude Include="..\src\*.h" />
    <ClInclude Include="..\src\*.h" />
    <ClInclude Include="..\src\*.h" />
    <ClInclude Include="..\src\*.h" />
    <ClInclude Include="..\src\*.h" />
    <ClInclude Include="..\src\*.h" />
    <ClInclude Include="..\src\*.h" />
    <ClInclude Include="..\src\*.h" />
    <ClInclude Include="..\win32\*.h" />
    <ClInclude Include="..\win32\PlatWin.h" />
    <ClInclude Include="..\win32\resource.h" />
    <ClInclude Include="..\win32\ScintillaWin.h" />
    <ClInclude Include="..\win32\*.h" />
    <ClInclude Include="..\win32\*.h">
      <Filter>头文件</Filter>
    </ClInclude>
  </ItemGroup>
  <ItemGroup>
    <Filter Include="Lexer">
      <UniqueIdentifier>{78806d18-356a-4b75-b620-8a3d829cc528}</UniqueIdentifier>
    </Filter>
    <Filter Include="资源文件">
      <UniqueIdentifier>{e125d7b6-de61-4528-a1f6-e6cdac60f3f6}</UniqueIdentifier>
    </Filter>
    <Filter Include="头文件">
      <UniqueIdentifier>{dbb82a97-2e2e-4c3e-9511-a94c9017d8e1}</UniqueIdentifier>
    </Filter>
  </ItemGroup>
  <ItemGroup>
    <ResourceCompile Include="..\win32\ScintRes.rc">
      <Filter>资源文件</Filter>
    </ResourceCompile>
  </ItemGroup>
</Project>